// !$*UTF8*$!
{
	archiveVersion = 1;
	classes = {
	};
	objectVersion = 50;
	objects = {

/* Begin PBXBuildFile section */
		8EAC43F820BB599C008D70BA /* OAuth2Error.swift in Sources */ = {isa = PBXBuildFile; fileRef = 8EAC43F720BB599C008D70BA /* OAuth2Error.swift */; };
		8EAC43FA20BB5A22008D70BA /* OAuth2Token.swift in Sources */ = {isa = PBXBuildFile; fileRef = 8EAC43F920BB5A22008D70BA /* OAuth2Token.swift */; };
		8EAC43FC20BB5A93008D70BA /* OAuth2Configuration.swift in Sources */ = {isa = PBXBuildFile; fileRef = 8EAC43FB20BB5A93008D70BA /* OAuth2Configuration.swift */; };
		8EAC43FE20BB5AAA008D70BA /* OAuth2Client.swift in Sources */ = {isa = PBXBuildFile; fileRef = 8EAC43FD20BB5AAA008D70BA /* OAuth2Client.swift */; };
		8EB9475720BB50D900369EDB /* AppDelegate.swift in Sources */ = {isa = PBXBuildFile; fileRef = 8EB9475620BB50D900369EDB /* AppDelegate.swift */; };
		8EB9475920BB50D900369EDB /* ViewController.swift in Sources */ = {isa = PBXBuildFile; fileRef = 8EB9475820BB50D900369EDB /* ViewController.swift */; };
		8EB9475C20BB50D900369EDB /* Main.storyboard in Resources */ = {isa = PBXBuildFile; fileRef = 8EB9475A20BB50D900369EDB /* Main.storyboard */; };
		8EB9475E20BB50DB00369EDB /* Assets.xcassets in Resources */ = {isa = PBXBuildFile; fileRef = 8EB9475D20BB50DB00369EDB /* Assets.xcassets */; };
		8EB9476120BB50DB00369EDB /* LaunchScreen.storyboard in Resources */ = {isa = PBXBuildFile; fileRef = 8EB9475F20BB50DB00369EDB /* LaunchScreen.storyboard */; };
		E96098949D7317187CA11DFD /* Pods_Example.framework in Frameworks */ = {isa = PBXBuildFile; fileRef = A27FF896C6D77F05CCEB1FA5 /* Pods_Example.framework */; };
/* End PBXBuildFile section */

/* Begin PBXFileReference section */
		8EAC43F720BB599C008D70BA /* OAuth2Error.swift */ = {isa = PBXFileReference; lastKnownFileType = sourcecode.swift; path = OAuth2Error.swift; sourceTree = "<group>"; };
		8EAC43F920BB5A22008D70BA /* OAuth2Token.swift */ = {isa = PBXFileReference; lastKnownFileType = sourcecode.swift; path = OAuth2Token.swift; sourceTree = "<group>"; };
		8EAC43FB20BB5A93008D70BA /* OAuth2Configuration.swift */ = {isa = PBXFileReference; lastKnownFileType = sourcecode.swift; path = OAuth2Configuration.swift; sourceTree = "<group>"; };
		8EAC43FD20BB5AAA008D70BA /* OAuth2Client.swift */ = {isa = PBXFileReference; lastKnownFileType = sourcecode.swift; path = OAuth2Client.swift; sourceTree = "<group>"; };
		8EB9475320BB50D900369EDB /* Example.app */ = {isa = PBXFileReference; explicitFileType = wrapper.application; includeInIndex = 0; path = Example.app; sourceTree = BUILT_PRODUCTS_DIR; };
		8EB9475620BB50D900369EDB /* AppDelegate.swift */ = {isa = PBXFileReference; lastKnownFileType = sourcecode.swift; path = AppDelegate.swift; sourceTree = "<group>"; };
		8EB9475820BB50D900369EDB /* ViewController.swift */ = {isa = PBXFileReference; lastKnownFileType = sourcecode.swift; path = ViewController.swift; sourceTree = "<group>"; };
		8EB9475B20BB50D900369EDB /* Base */ = {isa = PBXFileReference; lastKnownFileType = file.storyboard; name = Base; path = Base.lproj/Main.storyboard; sourceTree = "<group>"; };
		8EB9475D20BB50DB00369EDB /* Assets.xcassets */ = {isa = PBXFileReference; lastKnownFileType = folder.assetcatalog; path = Assets.xcassets; sourceTree = "<group>"; };
		8EB9476020BB50DB00369EDB /* Base */ = {isa = PBXFileReference; lastKnownFileType = file.storyboard; name = Base; path = Base.lproj/LaunchScreen.storyboard; sourceTree = "<group>"; };
		8EB9476220BB50DB00369EDB /* Info.plist */ = {isa = PBXFileReference; lastKnownFileType = text.plist.xml; path = Info.plist; sourceTree = "<group>"; };
		A27FF896C6D77F05CCEB1FA5 /* Pods_Example.framework */ = {isa = PBXFileReference; explicitFileType = wrapper.framework; includeInIndex = 0; path = Pods_Example.framework; sourceTree = BUILT_PRODUCTS_DIR; };
		EC4E9DE5257CE36ECB060A81 /* Pods-Example.debug.xcconfig */ = {isa = PBXFileReference; includeInIndex = 1; lastKnownFileType = text.xcconfig; name = "Pods-Example.debug.xcconfig"; path = "Pods/Target Support Files/Pods-Example/Pods-Example.debug.xcconfig"; sourceTree = "<group>"; };
		F6D04091B72E2DFAC0F9FB96 /* Pods-Example.release.xcconfig */ = {isa = PBXFileReference; includeInIndex = 1; lastKnownFileType = text.xcconfig; name = "Pods-Example.release.xcconfig"; path = "Pods/Target Support Files/Pods-Example/Pods-Example.release.xcconfig"; sourceTree = "<group>"; };
/* End PBXFileReference section */

/* Begin PBXFrameworksBuildPhase section */
		8EB9475020BB50D900369EDB /* Frameworks */ = {
			isa = PBXFrameworksBuildPhase;
			buildActionMask = 2147483647;
			files = (
				E96098949D7317187CA11DFD /* Pods_Example.framework in Frameworks */,
			);
			runOnlyForDeploymentPostprocessing = 0;
		};
/* End PBXFrameworksBuildPhase section */

/* Begin PBXGroup section */
		83E42800A59045BA86C1E1D1 /* Frameworks */ = {
			isa = PBXGroup;
			children = (
				A27FF896C6D77F05CCEB1FA5 /* Pods_Example.framework */,
			);
			name = Frameworks;
			sourceTree = "<group>";
		};
		880CA7F6796C0C2EC5E22396 /* Pods */ = {
			isa = PBXGroup;
			children = (
				EC4E9DE5257CE36ECB060A81 /* Pods-Example.debug.xcconfig */,
				F6D04091B72E2DFAC0F9FB96 /* Pods-Example.release.xcconfig */,
			);
			name = Pods;
			sourceTree = "<group>";
		};
		8EAC43F620BB5971008D70BA /* source */ = {
			isa = PBXGroup;
			children = (
				8EAC43F720BB599C008D70BA /* OAuth2Error.swift */,
				8EAC43F920BB5A22008D70BA /* OAuth2Token.swift */,
				8EAC43FB20BB5A93008D70BA /* OAuth2Configuration.swift */,
				8EAC43FD20BB5AAA008D70BA /* OAuth2Client.swift */,
			);
			name = source;
			path = ../../source;
			sourceTree = "<group>";
		};
		8EB9474A20BB50D900369EDB = {
			isa = PBXGroup;
			children = (
				8EB9475520BB50D900369EDB /* Example */,
				8EB9475420BB50D900369EDB /* Products */,
				880CA7F6796C0C2EC5E22396 /* Pods */,
				83E42800A59045BA86C1E1D1 /* Frameworks */,
			);
			sourceTree = "<group>";
		};
		8EB9475420BB50D900369EDB /* Products */ = {
			isa = PBXGroup;
			children = (
				8EB9475320BB50D900369EDB /* Example.app */,
			);
			name = Products;
			sourceTree = "<group>";
		};
		8EB9475520BB50D900369EDB /* Example */ = {
			isa = PBXGroup;
			children = (
				8EAC43F620BB5971008D70BA /* source */,
				8EB9475620BB50D900369EDB /* AppDelegate.swift */,
				8EB9475820BB50D900369EDB /* ViewController.swift */,
				8EB9475A20BB50D900369EDB /* Main.storyboard */,
				8EB9475D20BB50DB00369EDB /* Assets.xcassets */,
				8EB9475F20BB50DB00369EDB /* LaunchScreen.storyboard */,
				8EB9476220BB50DB00369EDB /* Info.plist */,
			);
			path = Example;
			sourceTree = "<group>";
		};
/* End PBXGroup section */

/* Begin PBXNativeTarget section */
		8EB9475220BB50D900369EDB /* Example */ = {
			isa = PBXNativeTarget;
			buildConfigurationList = 8EB9476520BB50DB00369EDB /* Build configuration list for PBXNativeTarget "Example" */;
			buildPhases = (
				C74FF43C680FCD14EF844A47 /* [CP] Check Pods Manifest.lock */,
				8EB9474F20BB50D900369EDB /* Sources */,
				8EB9475020BB50D900369EDB /* Frameworks */,
				8EB9475120BB50D900369EDB /* Resources */,
				4C41ACFEF69DE16DC7FF2B27 /* [CP] Embed Pods Frameworks */,
			);
			buildRules = (
			);
			dependencies = (
			);
			name = Example;
			productName = Example;
			productReference = 8EB9475320BB50D900369EDB /* Example.app */;
			productType = "com.apple.product-type.application";
		};
/* End PBXNativeTarget section */

/* Begin PBXProject section */
		8EB9474B20BB50D900369EDB /* Project object */ = {
			isa = PBXProject;
			attributes = {
				LastSwiftUpdateCheck = 0930;
				LastUpgradeCheck = 0930;
				ORGANIZATIONNAME = "Muhammad Bassio";
				TargetAttributes = {
					8EB9475220BB50D900369EDB = {
						CreatedOnToolsVersion = 9.3;
					};
				};
			};
			buildConfigurationList = 8EB9474E20BB50D900369EDB /* Build configuration list for PBXProject "Example" */;
			compatibilityVersion = "Xcode 9.3";
			developmentRegion = en;
			hasScannedForEncodings = 0;
			knownRegions = (
				en,
				Base,
			);
			mainGroup = 8EB9474A20BB50D900369EDB;
			productRefGroup = 8EB9475420BB50D900369EDB /* Products */;
			projectDirPath = "";
			projectRoot = "";
			targets = (
				8EB9475220BB50D900369EDB /* Example */,
			);
		};
/* End PBXProject section */

/* Begin PBXResourcesBuildPhase section */
		8EB9475120BB50D900369EDB /* Resources */ = {
			isa = PBXResourcesBuildPhase;
			buildActionMask = 2147483647;
			files = (
				8EB9476120BB50DB00369EDB /* LaunchScreen.storyboard in Resources */,
				8EB9475E20BB50DB00369EDB /* Assets.xcassets in Resources */,
				8EB9475C20BB50D900369EDB /* Main.storyboard in Resources */,
			);
			runOnlyForDeploymentPostprocessing = 0;
		};
/* End PBXResourcesBuildPhase section */

/* Begin PBXShellScriptBuildPhase section */
		4C41ACFEF69DE16DC7FF2B27 /* [CP] Embed Pods Frameworks */ = {
			isa = PBXShellScriptBuildPhase;
			buildActionMask = 2147483647;
			files = (
			);
			inputPaths = (
				"${SRCROOT}/Pods/Target Support Files/Pods-Example/Pods-Example-frameworks.sh",
				"${BUILT_PRODUCTS_DIR}/Alamofire/Alamofire.framework",
				"${BUILT_PRODUCTS_DIR}/KeychainAccess/KeychainAccess.framework",
				"${BUILT_PRODUCTS_DIR}/SwiftyJSON/SwiftyJSON.framework",
			);
			name = "[CP] Embed Pods Frameworks";
			outputPaths = (
				"${TARGET_BUILD_DIR}/${FRAMEWORKS_FOLDER_PATH}/Alamofire.framework",
				"${TARGET_BUILD_DIR}/${FRAMEWORKS_FOLDER_PATH}/KeychainAccess.framework",
				"${TARGET_BUILD_DIR}/${FRAMEWORKS_FOLDER_PATH}/SwiftyJSON.framework",
			);
			runOnlyForDeploymentPostprocessing = 0;
			shellPath = /bin/sh;
			shellScript = "\"${SRCROOT}/Pods/Target Support Files/Pods-Example/Pods-Example-frameworks.sh\"\n";
			showEnvVarsInLog = 0;
		};
		C74FF43C680FCD14EF844A47 /* [CP] Check Pods Manifest.lock */ = {
			isa = PBXShellScriptBuildPhase;
			buildActionMask = 2147483647;
			files = (
			);
			inputPaths = (
				"${PODS_PODFILE_DIR_PATH}/Podfile.lock",
				"${PODS_ROOT}/Manifest.lock",
			);
			name = "[CP] Check Pods Manifest.lock";
			outputPaths = (
				"$(DERIVED_FILE_DIR)/Pods-Example-checkManifestLockResult.txt",
			);
			runOnlyForDeploymentPostprocessing = 0;
			shellPath = /bin/sh;
			shellScript = "diff \"${PODS_PODFILE_DIR_PATH}/Podfile.lock\" \"${PODS_ROOT}/Manifest.lock\" > /dev/null\nif [ $? != 0 ] ; then\n    # print error to STDERR\n    echo \"error: The sandbox is not in sync with the Podfile.lock. Run 'pod install' or update your CocoaPods installation.\" >&2\n    exit 1\nfi\n# This output is used by Xcode 'outputs' to avoid re-running this script phase.\necho \"SUCCESS\" > \"${SCRIPT_OUTPUT_FILE_0}\"\n";
			showEnvVarsInLog = 0;
		};
/* End PBXShellScriptBuildPhase section */

/* Begin PBXSourcesBuildPhase section */
		8EB9474F20BB50D900369EDB /* Sources */ = {
			isa = PBXSourcesBuildPhase;
			buildActionMask = 2147483647;
			files = (
				8EAC43FA20BB5A22008D70BA /* OAuth2Token.swift in Sources */,
				8EAC43FE20BB5AAA008D70BA /* OAuth2Client.swift in Sources */,
				8EB9475920BB50D900369EDB /* ViewController.swift in Sources */,
				8EAC43F820BB599C008D70BA /* OAuth2Error.swift in Sources */,
				8EAC43FC20BB5A93008D70BA /* OAuth2Configuration.swift in Sources */,
				8EB9475720BB50D900369EDB /* AppDelegate.swift in Sources */,
			);
			runOnlyForDeploymentPostprocessing = 0;
		};
/* End PBXSourcesBuildPhase section */

/* Begin PBXVariantGroup section */
		8EB9475A20BB50D900369EDB /* Main.storyboard */ = {
			isa = PBXVariantGroup;
			children = (
				8EB9475B20BB50D900369EDB /* Base */,
			);
			name = Main.storyboard;
			sourceTree = "<group>";
		};
		8EB9475F20BB50DB00369EDB /* LaunchScreen.storyboard */ = {
			isa = PBXVariantGroup;
			children = (
				8EB9476020BB50DB00369EDB /* Base */,
			);
			name = LaunchScreen.storyboard;
			sourceTree = "<group>";
		};
/* End PBXVariantGroup section */

/* Begin XCBuildConfiguration section */
		8EB9476320BB50DB00369EDB /* Debug */ = {
			isa = XCBuildConfiguration;
			buildSettings = {
				ALWAYS_SEARCH_USER_PATHS = NO;
				CLANG_ANALYZER_NONNULL = YES;
				CLANG_ANALYZER_NUMBER_OBJECT_CONVERSION = YES_AGGRESSIVE;
				CLANG_CXX_LANGUAGE_STANDARD = "gnu++14";
				CLANG_CXX_LIBRARY = "libc++";
				CLANG_ENABLE_MODULES = YES;
				CLANG_ENABLE_OBJC_ARC = YES;
				CLANG_ENABLE_OBJC_WEAK = YES;
				CLANG_WARN_BLOCK_CAPTURE_AUTORELEASING = YES;
				CLANG_WARN_BOOL_CONVERSION = YES;
				CLANG_WARN_COMMA = YES;
				CLANG_WARN_CONSTANT_CONVERSION = YES;
				CLANG_WARN_DEPRECATED_OBJC_IMPLEMENTATIONS = YES;
				CLANG_WARN_DIRECT_OBJC_ISA_USAGE = YES_ERROR;
				CLANG_WARN_DOCUMENTATION_COMMENTS = YES;
				CLANG_WARN_EMPTY_BODY = YES;
				CLANG_WARN_ENUM_CONVERSION = YES;
				CLANG_WARN_INFINITE_RECURSION = YES;
				CLANG_WARN_INT_CONVERSION = YES;
				CLANG_WARN_NON_LITERAL_NULL_CONVERSION = YES;
				CLANG_WARN_OBJC_IMPLICIT_RETAIN_SELF = YES;
				CLANG_WARN_OBJC_LITERAL_CONVERSION = YES;
				CLANG_WARN_OBJC_ROOT_CLASS = YES_ERROR;
				CLANG_WARN_RANGE_LOOP_ANALYSIS = YES;
				CLANG_WARN_STRICT_PROTOTYPES = YES;
				CLANG_WARN_SUSPICIOUS_MOVE = YES;
				CLANG_WARN_UNGUARDED_AVAILABILITY = YES_AGGRESSIVE;
				CLANG_WARN_UNREACHABLE_CODE = YES;
				CLANG_WARN__DUPLICATE_METHOD_MATCH = YES;
				CODE_SIGN_IDENTITY = "iPhone Developer";
				COPY_PHASE_STRIP = NO;
				DEBUG_INFORMATION_FORMAT = dwarf;
				ENABLE_STRICT_OBJC_MSGSEND = YES;
				ENABLE_TESTABILITY = YES;
				GCC_C_LANGUAGE_STANDARD = gnu11;
				GCC_DYNAMIC_NO_PIC = NO;
				GCC_NO_COMMON_BLOCKS = YES;
				GCC_OPTIMIZATION_LEVEL = 0;
				GCC_PREPROCESSOR_DEFINITIONS = (
					"DEBUG=1",
					"$(inherited)",
				);
				GCC_WARN_64_TO_32_BIT_CONVERSION = YES;
				GCC_WARN_ABOUT_RETURN_TYPE = YES_ERROR;
				GCC_WARN_UNDECLARED_SELECTOR = YES;
				GCC_WARN_UNINITIALIZED_AUTOS = YES_AGGRESSIVE;
				GCC_WARN_UNUSED_FUNCTION = YES;
				GCC_WARN_UNUSED_VARIABLE = YES;
				IPHONEOS_DEPLOYMENT_TARGET = 9.0;
				MTL_ENABLE_DEBUG_INFO = YES;
				ONLY_ACTIVE_ARCH = YES;
				SDKROOT = iphoneos;
				SWIFT_ACTIVE_COMPILATION_CONDITIONS = DEBUG;
				SWIFT_OPTIMIZATION_LEVEL = "-Onone";
			};
			name = Debug;
		};
		8EB9476420BB50DB00369EDB /* Release */ = {
			isa = XCBuildConfiguration;
			buildSettings = {
				ALWAYS_SEARCH_USER_PATHS = NO;
				CLANG_ANALYZER_NONNULL = YES;
				CLANG_ANALYZER_NUMBER_OBJECT_CONVERSION = YES_AGGRESSIVE;
				CLANG_CXX_LANGUAGE_STANDARD = "gnu++14";
				CLANG_CXX_LIBRARY = "libc++";
				CLANG_ENABLE_MODULES = YES;
				CLANG_ENABLE_OBJC_ARC = YES;
				CLANG_ENABLE_OBJC_WEAK = YES;
				CLANG_WARN_BLOCK_CAPTURE_AUTORELEASING = YES;
				CLANG_WARN_BOOL_CONVERSION = YES;
				CLANG_WARN_COMMA = YES;
				CLANG_WARN_CONSTANT_CONVERSION = YES;
				CLANG_WARN_DEPRECATED_OBJC_IMPLEMENTATIONS = YES;
				CLANG_WARN_DIRECT_OBJC_ISA_USAGE = YES_ERROR;
				CLANG_WARN_DOCUMENTATION_COMMENTS = YES;
				CLANG_WARN_EMPTY_BODY = YES;
				CLANG_WARN_ENUM_CONVERSION = YES;
				CLANG_WARN_INFINITE_RECURSION = YES;
				CLANG_WARN_INT_CONVERSION = YES;
				CLANG_WARN_NON_LITERAL_NULL_CONVERSION = YES;
				CLANG_WARN_OBJC_IMPLICIT_RETAIN_SELF = YES;
				CLANG_WARN_OBJC_LITERAL_CONVERSION = YES;
				CLANG_WARN_OBJC_ROOT_CLASS = YES_ERROR;
				CLANG_WARN_RANGE_LOOP_ANALYSIS = YES;
				CLANG_WARN_STRICT_PROTOTYPES = YES;
				CLANG_WARN_SUSPICIOUS_MOVE = YES;
				CLANG_WARN_UNGUARDED_AVAILABILITY = YES_AGGRESSIVE;
				CLANG_WARN_UNREACHABLE_CODE = YES;
				CLANG_WARN__DUPLICATE_METHOD_MATCH = YES;
				CODE_SIGN_IDENTITY = "iPhone Developer";
				COPY_PHASE_STRIP = NO;
				DEBUG_INFORMATION_FORMAT = "dwarf-with-dsym";
				ENABLE_NS_ASSERTIONS = NO;
				ENABLE_STRICT_OBJC_MSGSEND = YES;
				GCC_C_LANGUAGE_STANDARD = gnu11;
				GCC_NO_COMMON_BLOCKS = YES;
				GCC_WARN_64_TO_32_BIT_CONVERSION = YES;
				GCC_WARN_ABOUT_RETURN_TYPE = YES_ERROR;
				GCC_WARN_UNDECLARED_SELECTOR = YES;
				GCC_WARN_UNINITIALIZED_AUTOS = YES_AGGRESSIVE;
				GCC_WARN_UNUSED_FUNCTION = YES;
				GCC_WARN_UNUSED_VARIABLE = YES;
				IPHONEOS_DEPLOYMENT_TARGET = 9.0;
				MTL_ENABLE_DEBUG_INFO = NO;
				SDKROOT = iphoneos;
				SWIFT_COMPILATION_MODE = wholemodule;
				SWIFT_OPTIMIZATION_LEVEL = "-O";
				VALIDATE_PRODUCT = YES;
			};
			name = Release;
		};
		8EB9476620BB50DB00369EDB /* Debug */ = {
			isa = XCBuildConfiguration;
			baseConfigurationReference = EC4E9DE5257CE36ECB060A81 /* Pods-Example.debug.xcconfig */;
			buildSettings = {
				ASSETCATALOG_COMPILER_APPICON_NAME = AppIcon;
				CODE_SIGN_STYLE = Automatic;
				DEVELOPMENT_TEAM = X236AS6W4J;
				INFOPLIST_FILE = Example/Info.plist;
				LD_RUNPATH_SEARCH_PATHS = (
					"$(inherited)",
					"@executable_path/Frameworks",
				);
				PRODUCT_BUNDLE_IDENTIFIER = xyz.bassio.libs.Example;
				PRODUCT_NAME = "$(TARGET_NAME)";
				SWIFT_VERSION = 4.0;
				TARGETED_DEVICE_FAMILY = "1,2";
			};
			name = Debug;
		};
		8EB9476720BB50DB00369EDB /* Release */ = {
			isa = XCBuildConfiguration;
			baseConfigurationReference = F6D04091B72E2DFAC0F9FB96 /* Pods-Example.release.xcconfig */;
			buildSettings = {
				ASSETCATALOG_COMPILER_APPICON_NAME = AppIcon;
				CODE_SIGN_STYLE = Automatic;
				DEVELOPMENT_TEAM = X236AS6W4J;
				INFOPLIST_FILE = Example/Info.plist;
				LD_RUNPATH_SEARCH_PATHS = (
					"$(inherited)",
					"@executable_path/Frameworks",
				);
				PRODUCT_BUNDLE_IDENTIFIER = xyz.bassio.libs.Example;
				PRODUCT_NAME = "$(TARGET_NAME)";
				SWIFT_VERSION = 4.0;
				TARGETED_DEVICE_FAMILY = "1,2";
			};
			name = Release;
		};
/* End XCBuildConfiguration section */

/* Begin XCConfigurationList section */
		8EB9474E20BB50D900369EDB /* Build configuration list for PBXProject "Example" */ = {
			isa = XCConfigurationList;
			buildConfigurations = (
				8EB9476320BB50DB00369EDB /* Debug */,
				8EB9476420BB50DB00369EDB /* Release */,
			);
			defaultConfigurationIsVisible = 0;
			defaultConfigurationName = Release;
		};
		8EB9476520BB50DB00369EDB /* Build configuration list for PBXNativeTarget "Example" */ = {
			isa = XCConfigurationList;
			buildConfigurations = (
				8EB9476620BB50DB00369EDB /* Debug */,
				8EB9476720BB50DB00369EDB /* Release */,
			);
			defaultConfigurationIsVisible = 0;
			defaultConfigurationName = Release;
		};
/* End XCConfigurationList section */
	};
	rootObject = 8EB9474B20BB50D900369EDB /* Project object */;
}
